{
  "name": "duo",
  "version": "1.0.0",
  "lockfileVersion": 1,
  "requires": true,
  "dependencies": {
    "path-data-parser": {
      "version": "0.1.0",
      "resolved": "http://npm.kogimobile.com/path-data-parser/-/path-data-parser-0.1.0.tgz",
      "integrity": "sha512-NOnmBpt5Y2RWbuv0LMzsayp3lVylAHLPUTut412ZA3l+C4uw4ZVkQbjShYCQ8TCpUMdPapr4YjUqLYD6v68j+w=="
    },
    "points-on-curve": {
      "version": "0.2.0",
      "resolved": "http://npm.kogimobile.com/points-on-curve/-/points-on-curve-0.2.0.tgz",
      "integrity": "sha512-0mYKnYYe9ZcqMCWhUjItv/oHjvgEsfKvnUTg8sAtnHr3GVy7rGkXCb6d5cSyqrWqL4k81b9CPg3urd+T7aop3A=="
    },
    "points-on-path": {
      "version": "0.2.1",
      "resolved": "http://npm.kogimobile.com/points-on-path/-/points-on-path-0.2.1.tgz",
      "integrity": "sha512-25ClnWWuw7JbWZcgqY/gJ4FQWadKxGWk+3kR/7kD0tCaDtPPMj7oHu2ToLaVhfpnHrZzYby2w6tUA0eOIuUg8g==",
      "requires": {
        "path-data-parser": "0.1.0",
        "points-on-curve": "0.2.0"
      }
    },
    "roughjs": {
      "version": "4.2.3",
      "resolved": "http://npm.kogimobile.com/roughjs/-/roughjs-4.2.3.tgz",
      "integrity": "sha512-391svwoRClxOBiCcTU/d3C54TjrxyRlDjU2lkZdkjQg5PAG9xR3bf8Uv1oRzkK+DXA+MWwp1d5/Mdo07Z2fFhA==",
      "requires": {
        "path-data-parser": "^0.1.0",
        "points-on-curve": "^0.2.0",
        "points-on-path": "^0.2.0"
      }
    }
  }
}
